
Microsoft Visual Studio Solution File, Format Version 11.00
# Visual Studio 2010
Project("{FAE04EC0-301F-11D3-BF4B-00C04F79EFBC}") = "Unity.Services.Core.Telemetry", "Unity.Services.Core.Telemetry.csproj", "{53c18031-3425-be2d-5ae5-9d77c8d81444}"
EndProject
Project("{FAE04EC0-301F-11D3-BF4B-00C04F79EFBC}") = "UnityEngine.TestRunner", "UnityEngine.TestRunner.csproj", "{f86e4eae-ab61-52a9-169e-cfe205912243}"
EndProject
Project("{FAE04EC0-301F-11D3-BF4B-00C04F79EFBC}") = "Unity.Services.Core.Internal", "Unity.Services.Core.Internal.csproj", "{9c3a5d98-55c4-8c5d-f3ef-00d078ac1dea}"
EndProject
Project("{FAE04EC0-301F-11D3-BF4B-00C04F79EFBC}") = "Unity.Timeline", "Unity.Timeline.csproj", "{ff44343f-b318-78c8-6578-0e170327b610}"
EndProject
Project("{FAE04EC0-301F-11D3-BF4B-00C04F79EFBC}") = "Unity.TextMeshPro", "Unity.TextMeshPro.csproj", "{cf7dd7c5-2af6-debc-da92-d89b6c42ca65}"
EndProject
Project("{FAE04EC0-301F-11D3-BF4B-00C04F79EFBC}") = "Assembly-CSharp", "Assembly-CSharp.csproj", "{d6fc287d-a964-a1ca-b6be-7c141f355c21}"
EndProject
Project("{FAE04EC0-301F-11D3-BF4B-00C04F79EFBC}") = "Unity.Services.Core.Environments.Internal", "Unity.Services.Core.Environments.Internal.csproj", "{0187bae5-c0ea-aa3a-4a61-63259ec51a44}"
EndProject
Project("{FAE04EC0-301F-11D3-BF4B-00C04F79EFBC}") = "Unity.Services.Core.Configuration", "Unity.Services.Core.Configuration.csproj", "{418d25f2-631b-4e88-3d58-2bbbbfe52c2c}"
EndProject
Project("{FAE04EC0-301F-11D3-BF4B-00C04F79EFBC}") = "Unity.Services.Core", "Unity.Services.Core.csproj", "{409437ad-2683-7f9a-840f-2445c22bd4d6}"
EndProject
Project("{FAE04EC0-301F-11D3-BF4B-00C04F79EFBC}") = "Unity.Services.Core.Environments", "Unity.Services.Core.Environments.csproj", "{31ea8947-cc89-6b46-6ea3-d6244be47a1b}"
EndProject
Project("{FAE04EC0-301F-11D3-BF4B-00C04F79EFBC}") = "Unity.Services.Core.Networking", "Unity.Services.Core.Networking.csproj", "{08683420-6d7e-f496-da2e-f0e6bf155757}"
EndProject
Project("{FAE04EC0-301F-11D3-BF4B-00C04F79EFBC}") = "Unity.Services.Core.Analytics", "Unity.Services.Core.Analytics.csproj", "{5ea2f479-2e0d-57f4-4568-bca316fd617d}"
EndProject
Project("{FAE04EC0-301F-11D3-BF4B-00C04F79EFBC}") = "Unity.Services.Core.Scheduler", "Unity.Services.Core.Scheduler.csproj", "{497b9711-7386-4336-bdd4-8a454d665355}"
EndProject
Project("{FAE04EC0-301F-11D3-BF4B-00C04F79EFBC}") = "Unity.Services.Core.Registration", "Unity.Services.Core.Registration.csproj", "{a8763a0b-b8c6-b970-3d29-e2e624dccb20}"
EndProject
Project("{FAE04EC0-301F-11D3-BF4B-00C04F79EFBC}") = "Unity.Services.Core.Device", "Unity.Services.Core.Device.csproj", "{5671246c-4248-85eb-987b-339600614308}"
EndProject
Project("{FAE04EC0-301F-11D3-BF4B-00C04F79EFBC}") = "Unity.Services.Core.Threading", "Unity.Services.Core.Threading.csproj", "{fc1a63ab-8c00-524a-cc07-667c4f9cecc3}"
EndProject
Project("{FAE04EC0-301F-11D3-BF4B-00C04F79EFBC}") = "UnityEditor.TestRunner", "UnityEditor.TestRunner.csproj", "{8d97bca4-2574-ef44-3217-113fdf14e64a}"
EndProject
Project("{FAE04EC0-301F-11D3-BF4B-00C04F79EFBC}") = "Unity.PlasticSCM.Editor", "Unity.PlasticSCM.Editor.csproj", "{5c3071ee-61b8-cb9d-720d-b04dfa498854}"
EndProject
Project("{FAE04EC0-301F-11D3-BF4B-00C04F79EFBC}") = "Unity.Timeline.Editor", "Unity.Timeline.Editor.csproj", "{31b2da9c-af4e-7979-fc53-e5fe018e6198}"
EndProject
Project("{FAE04EC0-301F-11D3-BF4B-00C04F79EFBC}") = "Unity.VisualStudio.Editor", "Unity.VisualStudio.Editor.csproj", "{157ead49-84b8-add6-baa2-cd2ecd401eb0}"
EndProject
Project("{FAE04EC0-301F-11D3-BF4B-00C04F79EFBC}") = "Unity.TextMeshPro.Editor", "Unity.TextMeshPro.Editor.csproj", "{00c67d2f-50e7-fcd8-ef8b-beccbeecdac4}"
EndProject
Project("{FAE04EC0-301F-11D3-BF4B-00C04F79EFBC}") = "Unity.CollabProxy.Editor", "Unity.CollabProxy.Editor.csproj", "{b38398f8-67bb-0d33-2958-9b4323d1c69b}"
EndProject
Project("{FAE04EC0-301F-11D3-BF4B-00C04F79EFBC}") = "Unity.Services.Core.Editor", "Unity.Services.Core.Editor.csproj", "{a35b7da4-e44c-f89c-0599-6194d535dc63}"
EndProject
Project("{FAE04EC0-301F-11D3-BF4B-00C04F79EFBC}") = "Unity.Rider.Editor", "Unity.Rider.Editor.csproj", "{a2e146e1-90be-b9e9-e653-f8da1d00e866}"
EndProject
Project("{FAE04EC0-301F-11D3-BF4B-00C04F79EFBC}") = "Unity.VSCode.Editor", "Unity.VSCode.Editor.csproj", "{a103b2d3-2dc2-4dac-ff45-05edba908421}"
EndProject
Project("{FAE04EC0-301F-11D3-BF4B-00C04F79EFBC}") = "Unity.Services.Core.Configuration.Editor", "Unity.Services.Core.Configuration.Editor.csproj", "{c8c2e499-9441-b1a9-feff-4b774cffc37a}"
EndProject
Project("{FAE04EC0-301F-11D3-BF4B-00C04F79EFBC}") = "Assembly-CSharp-Editor", "Assembly-CSharp-Editor.csproj", "{daf648a6-ae46-d168-38dd-ee1df907eb01}"
EndProject
Project("{FAE04EC0-301F-11D3-BF4B-00C04F79EFBC}") = "Unity.PlasticSCM.EditorTests", "Unity.PlasticSCM.EditorTests.csproj", "{db079618-d13e-ebde-3afc-a0e6482956d6}"
EndProject
Project("{FAE04EC0-301F-11D3-BF4B-00C04F79EFBC}") = "Unity.TextMeshPro.Editor.Tests", "Unity.TextMeshPro.Editor.Tests.csproj", "{6ec9fc9e-dd6e-ace0-f9d3-82acb54278a0}"
EndProject
Project("{FAE04EC0-301F-11D3-BF4B-00C04F79EFBC}") = "DocCodeExamples", "DocCodeExamples.csproj", "{8984f1f4-de3d-7442-bca1-09871a4c04fd}"
EndProject
Project("{FAE04EC0-301F-11D3-BF4B-00C04F79EFBC}") = "Unity.CollabProxy.EditorTests", "Unity.CollabProxy.EditorTests.csproj", "{5ac43b92-2d3b-2ab8-b14d-37569fc65f68}"
EndProject
Project("{FAE04EC0-301F-11D3-BF4B-00C04F79EFBC}") = "Unity.TextMeshPro.Tests", "Unity.TextMeshPro.Tests.csproj", "{02c18d9f-7548-de00-4108-9a301b20fbe5}"
EndProject
Global
	GlobalSection(SolutionConfigurationPlatforms) = preSolution
		Debug|Any CPU = Debug|Any CPU
	EndGlobalSection
	GlobalSection(ProjectConfigurationPlatforms) = postSolution
		{53c18031-3425-be2d-5ae5-9d77c8d81444}.Debug|Any CPU.ActiveCfg = Debug|Any CPU
		{53c18031-3425-be2d-5ae5-9d77c8d81444}.Debug|Any CPU.Build.0 = Debug|Any CPU
		{f86e4eae-ab61-52a9-169e-cfe205912243}.Debug|Any CPU.ActiveCfg = Debug|Any CPU
		{f86e4eae-ab61-52a9-169e-cfe205912243}.Debug|Any CPU.Build.0 = Debug|Any CPU
		{9c3a5d98-55c4-8c5d-f3ef-00d078ac1dea}.Debug|Any CPU.ActiveCfg = Debug|Any CPU
		{9c3a5d98-55c4-8c5d-f3ef-00d078ac1dea}.Debug|Any CPU.Build.0 = Debug|Any CPU
		{ff44343f-b318-78c8-6578-0e170327b610}.Debug|Any CPU.ActiveCfg = Debug|Any CPU
		{ff44343f-b318-78c8-6578-0e170327b610}.Debug|Any CPU.Build.0 = Debug|Any CPU
		{cf7dd7c5-2af6-debc-da92-d89b6c42ca65}.Debug|Any CPU.ActiveCfg = Debug|Any CPU
		{cf7dd7c5-2af6-debc-da92-d89b6c42ca65}.Debug|Any CPU.Build.0 = Debug|Any CPU
		{d6fc287d-a964-a1ca-b6be-7c141f355c21}.Debug|Any CPU.ActiveCfg = Debug|Any CPU
		{d6fc287d-a964-a1ca-b6be-7c141f355c21}.Debug|Any CPU.Build.0 = Debug|Any CPU
		{0187bae5-c0ea-aa3a-4a61-63259ec51a44}.Debug|Any CPU.ActiveCfg = Debug|Any CPU
		{0187bae5-c0ea-aa3a-4a61-63259ec51a44}.Debug|Any CPU.Build.0 = Debug|Any CPU
		{418d25f2-631b-4e88-3d58-2bbbbfe52c2c}.Debug|Any CPU.ActiveCfg = Debug|Any CPU
		{418d25f2-631b-4e88-3d58-2bbbbfe52c2c}.Debug|Any CPU.Build.0 = Debug|Any CPU
		{409437ad-2683-7f9a-840f-2445c22bd4d6}.Debug|Any CPU.ActiveCfg = Debug|Any CPU
		{409437ad-2683-7f9a-840f-2445c22bd4d6}.Debug|Any CPU.Build.0 = Debug|Any CPU
		{31ea8947-cc89-6b46-6ea3-d6244be47a1b}.Debug|Any CPU.ActiveCfg = Debug|Any CPU
		{31ea8947-cc89-6b46-6ea3-d6244be47a1b}.Debug|Any CPU.Build.0 = Debug|Any CPU
		{08683420-6d7e-f496-da2e-f0e6bf155757}.Debug|Any CPU.ActiveCfg = Debug|Any CPU
		{08683420-6d7e-f496-da2e-f0e6bf155757}.Debug|Any CPU.Build.0 = Debug|Any CPU
		{5ea2f479-2e0d-57f4-4568-bca316fd617d}.Debug|Any CPU.ActiveCfg = Debug|Any CPU
		{5ea2f479-2e0d-57f4-4568-bca316fd617d}.Debug|Any CPU.Build.0 = Debug|Any CPU
		{497b9711-7386-4336-bdd4-8a454d665355}.Debug|Any CPU.ActiveCfg = Debug|Any CPU
		{497b9711-7386-4336-bdd4-8a454d665355}.Debug|Any CPU.Build.0 = Debug|Any CPU
		{a8763a0b-b8c6-b970-3d29-e2e624dccb20}.Debug|Any CPU.ActiveCfg = Debug|Any CPU
		{a8763a0b-b8c6-b970-3d29-e2e624dccb20}.Debug|Any CPU.Build.0 = Debug|Any CPU
		{5671246c-4248-85eb-987b-339600614308}.Debug|Any CPU.ActiveCfg = Debug|Any CPU
		{5671246c-4248-85eb-987b-339600614308}.Debug|Any CPU.Build.0 = Debug|Any CPU
		{fc1a63ab-8c00-524a-cc07-667c4f9cecc3}.Debug|Any CPU.ActiveCfg = Debug|Any CPU
		{fc1a63ab-8c00-524a-cc07-667c4f9cecc3}.Debug|Any CPU.Build.0 = Debug|Any CPU
		{8d97bca4-2574-ef44-3217-113fdf14e64a}.Debug|Any CPU.ActiveCfg = Debug|Any CPU
		{8d97bca4-2574-ef44-3217-113fdf14e64a}.Debug|Any CPU.Build.0 = Debug|Any CPU
		{5c3071ee-61b8-cb9d-720d-b04dfa498854}.Debug|Any CPU.ActiveCfg = Debug|Any CPU
		{5c3071ee-61b8-cb9d-720d-b04dfa498854}.Debug|Any CPU.Build.0 = Debug|Any CPU
		{31b2da9c-af4e-7979-fc53-e5fe018e6198}.Debug|Any CPU.ActiveCfg = Debug|Any CPU
		{31b2da9c-af4e-7979-fc53-e5fe018e6198}.Debug|Any CPU.Build.0 = Debug|Any CPU
		{157ead49-84b8-add6-baa2-cd2ecd401eb0}.Debug|Any CPU.ActiveCfg = Debug|Any CPU
		{157ead49-84b8-add6-baa2-cd2ecd401eb0}.Debug|Any CPU.Build.0 = Debug|Any CPU
		{00c67d2f-50e7-fcd8-ef8b-beccbeecdac4}.Debug|Any CPU.ActiveCfg = Debug|Any CPU
		{00c67d2f-50e7-fcd8-ef8b-beccbeecdac4}.Debug|Any CPU.Build.0 = Debug|Any CPU
		{b38398f8-67bb-0d33-2958-9b4323d1c69b}.Debug|Any CPU.ActiveCfg = Debug|Any CPU
		{b38398f8-67bb-0d33-2958-9b4323d1c69b}.Debug|Any CPU.Build.0 = Debug|Any CPU
		{a35b7da4-e44c-f89c-0599-6194d535dc63}.Debug|Any CPU.ActiveCfg = Debug|Any CPU
		{a35b7da4-e44c-f89c-0599-6194d535dc63}.Debug|Any CPU.Build.0 = Debug|Any CPU
		{a2e146e1-90be-b9e9-e653-f8da1d00e866}.Debug|Any CPU.ActiveCfg = Debug|Any CPU
		{a2e146e1-90be-b9e9-e653-f8da1d00e866}.Debug|Any CPU.Build.0 = Debug|Any CPU
		{a103b2d3-2dc2-4dac-ff45-05edba908421}.Debug|Any CPU.ActiveCfg = Debug|Any CPU
		{a103b2d3-2dc2-4dac-ff45-05edba908421}.Debug|Any CPU.Build.0 = Debug|Any CPU
		{c8c2e499-9441-b1a9-feff-4b774cffc37a}.Debug|Any CPU.ActiveCfg = Debug|Any CPU
		{c8c2e499-9441-b1a9-feff-4b774cffc37a}.Debug|Any CPU.Build.0 = Debug|Any CPU
		{daf648a6-ae46-d168-38dd-ee1df907eb01}.Debug|Any CPU.ActiveCfg = Debug|Any CPU
		{daf648a6-ae46-d168-38dd-ee1df907eb01}.Debug|Any CPU.Build.0 = Debug|Any CPU
		{db079618-d13e-ebde-3afc-a0e6482956d6}.Debug|Any CPU.ActiveCfg = Debug|Any CPU
		{db079618-d13e-ebde-3afc-a0e6482956d6}.Debug|Any CPU.Build.0 = Debug|Any CPU
		{6ec9fc9e-dd6e-ace0-f9d3-82acb54278a0}.Debug|Any CPU.ActiveCfg = Debug|Any CPU
		{6ec9fc9e-dd6e-ace0-f9d3-82acb54278a0}.Debug|Any CPU.Build.0 = Debug|Any CPU
		{8984f1f4-de3d-7442-bca1-09871a4c04fd}.Debug|Any CPU.ActiveCfg = Debug|Any CPU
		{8984f1f4-de3d-7442-bca1-09871a4c04fd}.Debug|Any CPU.Build.0 = Debug|Any CPU
		{5ac43b92-2d3b-2ab8-b14d-37569fc65f68}.Debug|Any CPU.ActiveCfg = Debug|Any CPU
		{5ac43b92-2d3b-2ab8-b14d-37569fc65f68}.Debug|Any CPU.Build.0 = Debug|Any CPU
		{02c18d9f-7548-de00-4108-9a301b20fbe5}.Debug|Any CPU.ActiveCfg = Debug|Any CPU
		{02c18d9f-7548-de00-4108-9a301b20fbe5}.Debug|Any CPU.Build.0 = Debug|Any CPU
	EndGlobalSection
	GlobalSection(SolutionProperties) = preSolution
		HideSolutionNode = FALSE
	EndGlobalSection
EndGlobal
